
Microsoft Visual Studio Solution File, Format Version 12.00
# Visual Studio 15
VisualStudioVersion = 15.0.27130.2036
MinimumVisualStudioVersion = 10.0.40219.1
Project("{FAE04EC0-301F-11D3-BF4B-00C04F79EFBC}") = "MN", "MN\MN.csproj", "{5C3690FA-81C0-4C92-819D-366DE962176A}"
EndProject
Global
	GlobalSection(SolutionConfigurationPlatforms) = preSolution
		Debug|Any CPU = Debug|Any CPU
		Release|Any CPU = Release|Any CPU
	EndGlobalSection
	GlobalSection(ProjectConfigurationPlatforms) = postSolution
		{5C3690FA-81C0-4C92-819D-366DE962176A}.Debug|Any CPU.ActiveCfg = Debug|Any CPU
		{5C3690FA-81C0-4C92-819D-366DE962176A}.Debug|Any CPU.Build.0 = Debug|Any CPU
		{5C3690FA-81C0-4C92-819D-366DE962176A}.Release|Any CPU.ActiveCfg = Release|Any CPU
		{5C3690FA-81C0-4C92-819D-366DE962176A}.Release|Any CPU.Build.0 = Release|Any CPU
	EndGlobalSection
	GlobalSection(SolutionProperties) = preSolution
		HideSolutionNode = FALSE
	EndGlobalSection
	GlobalSection(ExtensibilityGlobals) = postSolution
		SolutionGuid = {C002A6CF-781C-41BA-9BB9-E4179D18B340}
	EndGlobalSection
EndGlobal
